
Microsoft Visual Studio Solution File, Format Version 12.00
# Visual Studio Version 17
VisualStudioVersion = 17.4.33205.214
MinimumVisualStudioVersion = 10.0.40219.1
Project("{FAE04EC0-301F-11D3-BF4B-00C04F79EFBC}") = "DemoFormValidationLogin", "DemoFormValidationLogin\DemoFormValidationLogin.csproj", "{4EA49FE2-D69D-4EEC-A074-B6AB81727710}"
EndProject
Global
	GlobalSection(SolutionConfigurationPlatforms) = preSolution
		Debug|Any CPU = Debug|Any CPU
		Release|Any CPU = Release|Any CPU
	EndGlobalSection
	GlobalSection(ProjectConfigurationPlatforms) = postSolution
		{4EA49FE2-D69D-4EEC-A074-B6AB81727710}.Debug|Any CPU.ActiveCfg = Debug|Any CPU
		{4EA49FE2-D69D-4EEC-A074-B6AB81727710}.Debug|Any CPU.Build.0 = Debug|Any CPU
		{4EA49FE2-D69D-4EEC-A074-B6AB81727710}.Release|Any CPU.ActiveCfg = Release|Any CPU
		{4EA49FE2-D69D-4EEC-A074-B6AB81727710}.Release|Any CPU.Build.0 = Release|Any CPU
	EndGlobalSection
	GlobalSection(SolutionProperties) = preSolution
		HideSolutionNode = FALSE
	EndGlobalSection
	GlobalSection(ExtensibilityGlobals) = postSolution
		SolutionGuid = {470DDA45-CDEF-4E9C-BC94-AA4152C4F50F}
	EndGlobalSection
EndGlobal
