
Microsoft Visual Studio Solution File, Format Version 12.00
# Visual Studio Version 17
VisualStudioVersion = 17.7.34202.233
MinimumVisualStudioVersion = 10.0.40219.1
Project("{FAE04EC0-301F-11D3-BF4B-00C04F79EFBC}") = "WebApplication2", "WebApplication2\WebApplication2.csproj", "{69A954E4-070B-4569-8171-EA9D0A5DEE73}"
EndProject
Global
	GlobalSection(SolutionConfigurationPlatforms) = preSolution
		Debug|Any CPU = Debug|Any CPU
		Release|Any CPU = Release|Any CPU
	EndGlobalSection
	GlobalSection(ProjectConfigurationPlatforms) = postSolution
		{69A954E4-070B-4569-8171-EA9D0A5DEE73}.Debug|Any CPU.ActiveCfg = Debug|Any CPU
		{69A954E4-070B-4569-8171-EA9D0A5DEE73}.Debug|Any CPU.Build.0 = Debug|Any CPU
		{69A954E4-070B-4569-8171-EA9D0A5DEE73}.Release|Any CPU.ActiveCfg = Release|Any CPU
		{69A954E4-070B-4569-8171-EA9D0A5DEE73}.Release|Any CPU.Build.0 = Release|Any CPU
	EndGlobalSection
	GlobalSection(SolutionProperties) = preSolution
		HideSolutionNode = FALSE
	EndGlobalSection
	GlobalSection(ExtensibilityGlobals) = postSolution
		SolutionGuid = {6C126BEB-9C68-43E0-B5BF-2F5ECF0C3B38}
	EndGlobalSection
EndGlobal
