
Microsoft Visual Studio Solution File, Format Version 12.00
# Visual Studio Version 17
VisualStudioVersion = 17.14.36221.1 d17.14
MinimumVisualStudioVersion = 10.0.40219.1
Project("{FAE04EC0-301F-11D3-BF4B-00C04F79EFBC}") = "TestDBEmployee", "TestDBEmployee\TestDBEmployee.csproj", "{83051449-B3EC-443B-8F99-07E7000E59B8}"
EndProject
Global
	GlobalSection(SolutionConfigurationPlatforms) = preSolution
		Debug|Any CPU = Debug|Any CPU
		Release|Any CPU = Release|Any CPU
	EndGlobalSection
	GlobalSection(ProjectConfigurationPlatforms) = postSolution
		{83051449-B3EC-443B-8F99-07E7000E59B8}.Debug|Any CPU.ActiveCfg = Debug|Any CPU
		{83051449-B3EC-443B-8F99-07E7000E59B8}.Debug|Any CPU.Build.0 = Debug|Any CPU
		{83051449-B3EC-443B-8F99-07E7000E59B8}.Release|Any CPU.ActiveCfg = Release|Any CPU
		{83051449-B3EC-443B-8F99-07E7000E59B8}.Release|Any CPU.Build.0 = Release|Any CPU
	EndGlobalSection
	GlobalSection(SolutionProperties) = preSolution
		HideSolutionNode = FALSE
	EndGlobalSection
	GlobalSection(ExtensibilityGlobals) = postSolution
		SolutionGuid = {A8EC4231-DCC8-497B-AB28-756D1719C5BC}
	EndGlobalSection
EndGlobal
