
Microsoft Visual Studio Solution File, Format Version 12.00
# Visual Studio Version 17
VisualStudioVersion = 17.10.34916.146
MinimumVisualStudioVersion = 10.0.40219.1
Project("{FAE04EC0-301F-11D3-BF4B-00C04F79EFBC}") = "EmployeeEFCoreSep24", "EmployeeEFCoreSep24\EmployeeEFCoreSep24.csproj", "{A446D67A-F6ED-4C25-B3B4-72147638C3DC}"
EndProject
Global
	GlobalSection(SolutionConfigurationPlatforms) = preSolution
		Debug|Any CPU = Debug|Any CPU
		Release|Any CPU = Release|Any CPU
	EndGlobalSection
	GlobalSection(ProjectConfigurationPlatforms) = postSolution
		{A446D67A-F6ED-4C25-B3B4-72147638C3DC}.Debug|Any CPU.ActiveCfg = Debug|Any CPU
		{A446D67A-F6ED-4C25-B3B4-72147638C3DC}.Debug|Any CPU.Build.0 = Debug|Any CPU
		{A446D67A-F6ED-4C25-B3B4-72147638C3DC}.Release|Any CPU.ActiveCfg = Release|Any CPU
		{A446D67A-F6ED-4C25-B3B4-72147638C3DC}.Release|Any CPU.Build.0 = Release|Any CPU
	EndGlobalSection
	GlobalSection(SolutionProperties) = preSolution
		HideSolutionNode = FALSE
	EndGlobalSection
	GlobalSection(ExtensibilityGlobals) = postSolution
		SolutionGuid = {75106947-0186-4A55-9081-8F7B7F35E1E2}
	EndGlobalSection
EndGlobal
